
Microsoft Visual Studio Solution File, Format Version 12.00
# Visual Studio Version 17
VisualStudioVersion = 17.12.35527.113
MinimumVisualStudioVersion = 10.0.40219.1
Project("{FAE04EC0-301F-11D3-BF4B-00C04F79EFBC}") = "Parallel.Core", "Parallel.Core\Parallel.Core.csproj", "{1391ED00-10D5-417A-982B-0A9A6A2295D4}"
EndProject
Project("{FAE04EC0-301F-11D3-BF4B-00C04F79EFBC}") = "Parallel.Cli", "Parallel.Cli\Parallel.Cli.csproj", "{4BFE65E9-9534-4C85-B59F-1F64A998C76D}"
EndProject
Project("{FAE04EC0-301F-11D3-BF4B-00C04F79EFBC}") = "Parallel.Service", "Parallel.Service\Parallel.Service.csproj", "{A657482C-8202-4972-94D5-62DC5EE3E674}"
EndProject
Global
	GlobalSection(SolutionConfigurationPlatforms) = preSolution
		Debug|Any CPU = Debug|Any CPU
		Release|Any CPU = Release|Any CPU
		Analyze|Any CPU = Analyze|Any CPU
	EndGlobalSection
	GlobalSection(ProjectConfigurationPlatforms) = postSolution
		{1391ED00-10D5-417A-982B-0A9A6A2295D4}.Debug|Any CPU.ActiveCfg = Debug|Any CPU
		{1391ED00-10D5-417A-982B-0A9A6A2295D4}.Debug|Any CPU.Build.0 = Debug|Any CPU
		{1391ED00-10D5-417A-982B-0A9A6A2295D4}.Release|Any CPU.ActiveCfg = Release|Any CPU
		{1391ED00-10D5-417A-982B-0A9A6A2295D4}.Release|Any CPU.Build.0 = Release|Any CPU
		{1391ED00-10D5-417A-982B-0A9A6A2295D4}.Analyze|Any CPU.ActiveCfg = Analyze|Any CPU
		{1391ED00-10D5-417A-982B-0A9A6A2295D4}.Analyze|Any CPU.Build.0 = Analyze|Any CPU
		{4BFE65E9-9534-4C85-B59F-1F64A998C76D}.Debug|Any CPU.ActiveCfg = Debug|Any CPU
		{4BFE65E9-9534-4C85-B59F-1F64A998C76D}.Debug|Any CPU.Build.0 = Debug|Any CPU
		{4BFE65E9-9534-4C85-B59F-1F64A998C76D}.Release|Any CPU.ActiveCfg = Release|Any CPU
		{4BFE65E9-9534-4C85-B59F-1F64A998C76D}.Release|Any CPU.Build.0 = Release|Any CPU
		{4BFE65E9-9534-4C85-B59F-1F64A998C76D}.Analyze|Any CPU.ActiveCfg = Analyze|Any CPU
		{4BFE65E9-9534-4C85-B59F-1F64A998C76D}.Analyze|Any CPU.Build.0 = Analyze|Any CPU
		{A657482C-8202-4972-94D5-62DC5EE3E674}.Debug|Any CPU.ActiveCfg = Debug|Any CPU
		{A657482C-8202-4972-94D5-62DC5EE3E674}.Debug|Any CPU.Build.0 = Debug|Any CPU
		{A657482C-8202-4972-94D5-62DC5EE3E674}.Release|Any CPU.ActiveCfg = Release|Any CPU
		{A657482C-8202-4972-94D5-62DC5EE3E674}.Release|Any CPU.Build.0 = Release|Any CPU
		{A657482C-8202-4972-94D5-62DC5EE3E674}.Analyze|Any CPU.ActiveCfg = Debug|Any CPU
		{A657482C-8202-4972-94D5-62DC5EE3E674}.Analyze|Any CPU.Build.0 = Debug|Any CPU
	EndGlobalSection
	GlobalSection(SolutionProperties) = preSolution
		HideSolutionNode = FALSE
	EndGlobalSection
EndGlobal
